// !$*UTF8*$!
{
	archiveVersion = 1;
	classes = {
	};
	objectVersion = 56;
	objects = {

/* Begin PBXBuildFile section */
		E45EB3A229D8BD3E00BB829A /* AppDelegate.swift in Sources */ = {isa = PBXBuildFile; fileRef = E45EB3A129D8BD3E00BB829A /* AppDelegate.swift */; };
		E45EB3A429D8BD3E00BB829A /* SceneDelegate.swift in Sources */ = {isa = PBXBuildFile; fileRef = E45EB3A329D8BD3E00BB829A /* SceneDelegate.swift */; };
		E45EB3A629D8BD3E00BB829A /* ViewController.swift in Sources */ = {isa = PBXBuildFile; fileRef = E45EB3A529D8BD3E00BB829A /* ViewController.swift */; };
		E45EB3A929D8BD3E00BB829A /* Main.storyboard in Resources */ = {isa = PBXBuildFile; fileRef = E45EB3A729D8BD3E00BB829A /* Main.storyboard */; };
		E45EB3AB29D8BD3F00BB829A /* Assets.xcassets in Resources */ = {isa = PBXBuildFile; fileRef = E45EB3AA29D8BD3F00BB829A /* Assets.xcassets */; };
		E45EB3AE29D8BD3F00BB829A /* LaunchScreen.storyboard in Resources */ = {isa = PBXBuildFile; fileRef = E45EB3AC29D8BD3F00BB829A /* LaunchScreen.storyboard */; };
		E47E357D29D8D6780047D879 /* TableController.swift in Sources */ = {isa = PBXBuildFile; fileRef = E47E357C29D8D6780047D879 /* TableController.swift */; };
		E47E358129D8F69D0047D879 /* CoreBluetooth.framework in Frameworks */ = {isa = PBXBuildFile; fileRef = E47E358029D8F69D0047D879 /* CoreBluetooth.framework */; };
		E47E358329D905210047D879 /* GoogleService-Info.plist in Resources */ = {isa = PBXBuildFile; fileRef = E47E358229D905210047D879 /* GoogleService-Info.plist */; };
/* End PBXBuildFile section */

/* Begin PBXFileReference section */
		E45EB39E29D8BD3E00BB829A /* O-B-Dometer.app */ = {isa = PBXFileReference; explicitFileType = wrapper.application; includeInIndex = 0; path = "O-B-Dometer.app"; sourceTree = BUILT_PRODUCTS_DIR; };
		E45EB3A129D8BD3E00BB829A /* AppDelegate.swift */ = {isa = PBXFileReference; lastKnownFileType = sourcecode.swift; path = AppDelegate.swift; sourceTree = "<group>"; };
		E45EB3A329D8BD3E00BB829A /* SceneDelegate.swift */ = {isa = PBXFileReference; lastKnownFileType = sourcecode.swift; path = SceneDelegate.swift; sourceTree = "<group>"; };
		E45EB3A529D8BD3E00BB829A /* ViewController.swift */ = {isa = PBXFileReference; lastKnownFileType = sourcecode.swift; path = ViewController.swift; sourceTree = "<group>"; };
		E45EB3A829D8BD3E00BB829A /* Base */ = {isa = PBXFileReference; lastKnownFileType = file.storyboard; name = Base; path = Base.lproj/Main.storyboard; sourceTree = "<group>"; };
		E45EB3AA29D8BD3F00BB829A /* Assets.xcassets */ = {isa = PBXFileReference; lastKnownFileType = folder.assetcatalog; path = Assets.xcassets; sourceTree = "<group>"; };
		E45EB3AD29D8BD3F00BB829A /* Base */ = {isa = PBXFileReference; lastKnownFileType = file.storyboard; name = Base; path = Base.lproj/LaunchScreen.storyboard; sourceTree = "<group>"; };
		E45EB3AF29D8BD3F00BB829A /* Info.plist */ = {isa = PBXFileReference; lastKnownFileType = text.plist.xml; path = Info.plist; sourceTree = "<group>"; };
		E47E357C29D8D6780047D879 /* TableController.swift */ = {isa = PBXFileReference; lastKnownFileType = sourcecode.swift; path = TableController.swift; sourceTree = "<group>"; };
		E47E358029D8F69D0047D879 /* CoreBluetooth.framework */ = {isa = PBXFileReference; lastKnownFileType = wrapper.framework; name = CoreBluetooth.framework; path = System/Library/Frameworks/CoreBluetooth.framework; sourceTree = SDKROOT; };
		E47E358229D905210047D879 /* GoogleService-Info.plist */ = {isa = PBXFileReference; fileEncoding = 4; lastKnownFileType = text.plist.xml; name = "GoogleService-Info.plist"; path = "../../../../Downloads/GoogleService-Info.plist"; sourceTree = "<group>"; };
/* End PBXFileReference section */

/* Begin PBXFrameworksBuildPhase section */
		E45EB39B29D8BD3E00BB829A /* Frameworks */ = {
			isa = PBXFrameworksBuildPhase;
			buildActionMask = 2147483647;
			files = (
				E47E358129D8F69D0047D879 /* CoreBluetooth.framework in Frameworks */,
			);
			runOnlyForDeploymentPostprocessing = 0;
		};
/* End PBXFrameworksBuildPhase section */

/* Begin PBXGroup section */
		E45EB39529D8BD3E00BB829A = {
			isa = PBXGroup;
			children = (
				E45EB3A029D8BD3E00BB829A /* O-B-Dometer */,
				E45EB39F29D8BD3E00BB829A /* Products */,
				E47E357F29D8F69D0047D879 /* Frameworks */,
			);
			sourceTree = "<group>";
		};
		E45EB39F29D8BD3E00BB829A /* Products */ = {
			isa = PBXGroup;
			children = (
				E45EB39E29D8BD3E00BB829A /* O-B-Dometer.app */,
			);
			name = Products;
			sourceTree = "<group>";
		};
		E45EB3A029D8BD3E00BB829A /* O-B-Dometer */ = {
			isa = PBXGroup;
			children = (
				E45EB3A129D8BD3E00BB829A /* AppDelegate.swift */,
				E45EB3A329D8BD3E00BB829A /* SceneDelegate.swift */,
				E45EB3A529D8BD3E00BB829A /* ViewController.swift */,
				E47E357C29D8D6780047D879 /* TableController.swift */,
				E45EB3A729D8BD3E00BB829A /* Main.storyboard */,
				E45EB3AA29D8BD3F00BB829A /* Assets.xcassets */,
				E45EB3AC29D8BD3F00BB829A /* LaunchScreen.storyboard */,
				E45EB3AF29D8BD3F00BB829A /* Info.plist */,
				E47E358229D905210047D879 /* GoogleService-Info.plist */,
			);
			path = "O-B-Dometer";
			sourceTree = "<group>";
		};
		E47E357F29D8F69D0047D879 /* Frameworks */ = {
			isa = PBXGroup;
			children = (
				E47E358029D8F69D0047D879 /* CoreBluetooth.framework */,
			);
			name = Frameworks;
			sourceTree = "<group>";
		};
/* End PBXGroup section */

/* Begin PBXNativeTarget section */
		E45EB39D29D8BD3E00BB829A /* O-B-Dometer */ = {
			isa = PBXNativeTarget;
			buildConfigurationList = E45EB3B229D8BD3F00BB829A /* Build configuration list for PBXNativeTarget "O-B-Dometer" */;
			buildPhases = (
				E45EB39A29D8BD3E00BB829A /* Sources */,
				E45EB39B29D8BD3E00BB829A /* Frameworks */,
				E45EB39C29D8BD3E00BB829A /* Resources */,
			);
			buildRules = (
			);
			dependencies = (
			);
			name = "O-B-Dometer";
			productName = "O-B-Dometer";
			productReference = E45EB39E29D8BD3E00BB829A /* O-B-Dometer.app */;
			productType = "com.apple.product-type.application";
		};
/* End PBXNativeTarget section */

/* Begin PBXProject section */
		E45EB39629D8BD3E00BB829A /* Project object */ = {
			isa = PBXProject;
			attributes = {
				BuildIndependentTargetsInParallel = 1;
				LastSwiftUpdateCheck = 1410;
				LastUpgradeCheck = 1410;
				TargetAttributes = {
					E45EB39D29D8BD3E00BB829A = {
						CreatedOnToolsVersion = 14.1;
					};
				};
			};
			buildConfigurationList = E45EB39929D8BD3E00BB829A /* Build configuration list for PBXProject "O-B-Dometer" */;
			compatibilityVersion = "Xcode 14.0";
			developmentRegion = en;
			hasScannedForEncodings = 0;
			knownRegions = (
				en,
				Base,
			);
			mainGroup = E45EB39529D8BD3E00BB829A;
			productRefGroup = E45EB39F29D8BD3E00BB829A /* Products */;
			projectDirPath = "";
			projectRoot = "";
			targets = (
				E45EB39D29D8BD3E00BB829A /* O-B-Dometer */,
			);
		};
/* End PBXProject section */

/* Begin PBXResourcesBuildPhase section */
		E45EB39C29D8BD3E00BB829A /* Resources */ = {
			isa = PBXResourcesBuildPhase;
			buildActionMask = 2147483647;
			files = (
				E45EB3AE29D8BD3F00BB829A /* LaunchScreen.storyboard in Resources */,
				E47E358329D905210047D879 /* GoogleService-Info.plist in Resources */,
				E45EB3AB29D8BD3F00BB829A /* Assets.xcassets in Resources */,
				E45EB3A929D8BD3E00BB829A /* Main.storyboard in Resources */,
			);
			runOnlyForDeploymentPostprocessing = 0;
		};
/* End PBXResourcesBuildPhase section */

/* Begin PBXSourcesBuildPhase section */
		E45EB39A29D8BD3E00BB829A /* Sources */ = {
			isa = PBXSourcesBuildPhase;
			buildActionMask = 2147483647;
			files = (
				E47E357D29D8D6780047D879 /* TableController.swift in Sources */,
				E45EB3A629D8BD3E00BB829A /* ViewController.swift in Sources */,
				E45EB3A229D8BD3E00BB829A /* AppDelegate.swift in Sources */,
				E45EB3A429D8BD3E00BB829A /* SceneDelegate.swift in Sources */,
			);
			runOnlyForDeploymentPostprocessing = 0;
		};
/* End PBXSourcesBuildPhase section */

/* Begin PBXVariantGroup section */
		E45EB3A729D8BD3E00BB829A /* Main.storyboard */ = {
			isa = PBXVariantGroup;
			children = (
				E45EB3A829D8BD3E00BB829A /* Base */,
			);
			name = Main.storyboard;
			sourceTree = "<group>";
		};
		E45EB3AC29D8BD3F00BB829A /* LaunchScreen.storyboard */ = {
			isa = PBXVariantGroup;
			children = (
				E45EB3AD29D8BD3F00BB829A /* Base */,
			);
			name = LaunchScreen.storyboard;
			sourceTree = "<group>";
		};
/* End PBXVariantGroup section */

/* Begin XCBuildConfiguration section */
		E45EB3B029D8BD3F00BB829A /* Debug */ = {
			isa = XCBuildConfiguration;
			buildSettings = {
				ALWAYS_SEARCH_USER_PATHS = NO;
				CLANG_ANALYZER_NONNULL = YES;
				CLANG_ANALYZER_NUMBER_OBJECT_CONVERSION = YES_AGGRESSIVE;
				CLANG_CXX_LANGUAGE_STANDARD = "gnu++20";
				CLANG_ENABLE_MODULES = YES;
				CLANG_ENABLE_OBJC_ARC = YES;
				CLANG_ENABLE_OBJC_WEAK = YES;
				CLANG_WARN_BLOCK_CAPTURE_AUTORELEASING = YES;
				CLANG_WARN_BOOL_CONVERSION = YES;
				CLANG_WARN_COMMA = YES;
				CLANG_WARN_CONSTANT_CONVERSION = YES;
				CLANG_WARN_DEPRECATED_OBJC_IMPLEMENTATIONS = YES;
				CLANG_WARN_DIRECT_OBJC_ISA_USAGE = YES_ERROR;
				CLANG_WARN_DOCUMENTATION_COMMENTS = YES;
				CLANG_WARN_EMPTY_BODY = YES;
				CLANG_WARN_ENUM_CONVERSION = YES;
				CLANG_WARN_INFINITE_RECURSION = YES;
				CLANG_WARN_INT_CONVERSION = YES;
				CLANG_WARN_NON_LITERAL_NULL_CONVERSION = YES;
				CLANG_WARN_OBJC_IMPLICIT_RETAIN_SELF = YES;
				CLANG_WARN_OBJC_LITERAL_CONVERSION = YES;
				CLANG_WARN_OBJC_ROOT_CLASS = YES_ERROR;
				CLANG_WARN_QUOTED_INCLUDE_IN_FRAMEWORK_HEADER = YES;
				CLANG_WARN_RANGE_LOOP_ANALYSIS = YES;
				CLANG_WARN_STRICT_PROTOTYPES = YES;
				CLANG_WARN_SUSPICIOUS_MOVE = YES;
				CLANG_WARN_UNGUARDED_AVAILABILITY = YES_AGGRESSIVE;
				CLANG_WARN_UNREACHABLE_CODE = YES;
				CLANG_WARN__DUPLICATE_METHOD_MATCH = YES;
				COPY_PHASE_STRIP = NO;
				DEBUG_INFORMATION_FORMAT = dwarf;
				ENABLE_STRICT_OBJC_MSGSEND = YES;
				ENABLE_TESTABILITY = YES;
				GCC_C_LANGUAGE_STANDARD = gnu11;
				GCC_DYNAMIC_NO_PIC = NO;
				GCC_NO_COMMON_BLOCKS = YES;
				GCC_OPTIMIZATION_LEVEL = 0;
				GCC_PREPROCESSOR_DEFINITIONS = (
					"DEBUG=1",
					"$(inherited)",
				);
				GCC_WARN_64_TO_32_BIT_CONVERSION = YES;
				GCC_WARN_ABOUT_RETURN_TYPE = YES_ERROR;
				GCC_WARN_UNDECLARED_SELECTOR = YES;
				GCC_WARN_UNINITIALIZED_AUTOS = YES_AGGRESSIVE;
				GCC_WARN_UNUSED_FUNCTION = YES;
				GCC_WARN_UNUSED_VARIABLE = YES;
				IPHONEOS_DEPLOYMENT_TARGET = 16.1;
				MTL_ENABLE_DEBUG_INFO = INCLUDE_SOURCE;
				MTL_FAST_MATH = YES;
				ONLY_ACTIVE_ARCH = YES;
				SDKROOT = iphoneos;
				SWIFT_ACTIVE_COMPILATION_CONDITIONS = DEBUG;
				SWIFT_OPTIMIZATION_LEVEL = "-Onone";
			};
			name = Debug;
		};
		E45EB3B129D8BD3F00BB829A /* Release */ = {
			isa = XCBuildConfiguration;
			buildSettings = {
				ALWAYS_SEARCH_USER_PATHS = NO;
				CLANG_ANALYZER_NONNULL = YES;
				CLANG_ANALYZER_NUMBER_OBJECT_CONVERSION = YES_AGGRESSIVE;
				CLANG_CXX_LANGUAGE_STANDARD = "gnu++20";
				CLANG_ENABLE_MODULES = YES;
				CLANG_ENABLE_OBJC_ARC = YES;
				CLANG_ENABLE_OBJC_WEAK = YES;
				CLANG_WARN_BLOCK_CAPTURE_AUTORELEASING = YES;
				CLANG_WARN_BOOL_CONVERSION = YES;
				CLANG_WARN_COMMA = YES;
				CLANG_WARN_CONSTANT_CONVERSION = YES;
				CLANG_WARN_DEPRECATED_OBJC_IMPLEMENTATIONS = YES;
				CLANG_WARN_DIRECT_OBJC_ISA_USAGE = YES_ERROR;
				CLANG_WARN_DOCUMENTATION_COMMENTS = YES;
				CLANG_WARN_EMPTY_BODY = YES;
				CLANG_WARN_ENUM_CONVERSION = YES;
				CLANG_WARN_INFINITE_RECURSION = YES;
				CLANG_WARN_INT_CONVERSION = YES;
				CLANG_WARN_NON_LITERAL_NULL_CONVERSION = YES;
				CLANG_WARN_OBJC_IMPLICIT_RETAIN_SELF = YES;
				CLANG_WARN_OBJC_LITERAL_CONVERSION = YES;
				CLANG_WARN_OBJC_ROOT_CLASS = YES_ERROR;
				CLANG_WARN_QUOTED_INCLUDE_IN_FRAMEWORK_HEADER = YES;
				CLANG_WARN_RANGE_LOOP_ANALYSIS = YES;
				CLANG_WARN_STRICT_PROTOTYPES = YES;
				CLANG_WARN_SUSPICIOUS_MOVE = YES;
				CLANG_WARN_UNGUARDED_AVAILABILITY = YES_AGGRESSIVE;
				CLANG_WARN_UNREACHABLE_CODE = YES;
				CLANG_WARN__DUPLICATE_METHOD_MATCH = YES;
				COPY_PHASE_STRIP = NO;
				DEBUG_INFORMATION_FORMAT = "dwarf-with-dsym";
				ENABLE_NS_ASSERTIONS = NO;
				ENABLE_STRICT_OBJC_MSGSEND = YES;
				GCC_C_LANGUAGE_STANDARD = gnu11;
				GCC_NO_COMMON_BLOCKS = YES;
				GCC_WARN_64_TO_32_BIT_CONVERSION = YES;
				GCC_WARN_ABOUT_RETURN_TYPE = YES_ERROR;
				GCC_WARN_UNDECLARED_SELECTOR = YES;
				GCC_WARN_UNINITIALIZED_AUTOS = YES_AGGRESSIVE;
				GCC_WARN_UNUSED_FUNCTION = YES;
				GCC_WARN_UNUSED_VARIABLE = YES;
				IPHONEOS_DEPLOYMENT_TARGET = 16.1;
				MTL_ENABLE_DEBUG_INFO = NO;
				MTL_FAST_MATH = YES;
				SDKROOT = iphoneos;
				SWIFT_COMPILATION_MODE = wholemodule;
				SWIFT_OPTIMIZATION_LEVEL = "-O";
				VALIDATE_PRODUCT = YES;
			};
			name = Release;
		};
		E45EB3B329D8BD3F00BB829A /* Debug */ = {
			isa = XCBuildConfiguration;
			buildSettings = {
				ASSETCATALOG_COMPILER_APPICON_NAME = AppIcon;
				ASSETCATALOG_COMPILER_GLOBAL_ACCENT_COLOR_NAME = AccentColor;
				CODE_SIGN_STYLE = Automatic;
				CURRENT_PROJECT_VERSION = 1;
				GENERATE_INFOPLIST_FILE = YES;
				INFOPLIST_FILE = "O-B-Dometer/Info.plist";
				INFOPLIST_KEY_LSApplicationCategoryType = "";
				INFOPLIST_KEY_NSLocationWhenInUseUsageDescription = "Required to check when crossing state lines.";
				INFOPLIST_KEY_UIApplicationSupportsIndirectInputEvents = YES;
				INFOPLIST_KEY_UILaunchStoryboardName = LaunchScreen;
				INFOPLIST_KEY_UIMainStoryboardFile = Main;
				INFOPLIST_KEY_UISupportedInterfaceOrientations_iPad = "UIInterfaceOrientationPortrait UIInterfaceOrientationPortraitUpsideDown UIInterfaceOrientationLandscapeLeft UIInterfaceOrientationLandscapeRight";
				INFOPLIST_KEY_UISupportedInterfaceOrientations_iPhone = "UIInterfaceOrientationPortrait UIInterfaceOrientationLandscapeLeft UIInterfaceOrientationLandscapeRight";
				LD_RUNPATH_SEARCH_PATHS = (
					"$(inherited)",
					"@executable_path/Frameworks",
				);
				MARKETING_VERSION = 1.0;
				PRODUCT_BUNDLE_IDENTIFIER = "com.joeyseph.O-B-Dometer";
				PRODUCT_NAME = "$(TARGET_NAME)";
				SWIFT_EMIT_LOC_STRINGS = YES;
				SWIFT_VERSION = 5.0;
				TARGETED_DEVICE_FAMILY = "1,2";
			};
			name = Debug;
		};
		E45EB3B429D8BD3F00BB829A /* Release */ = {
			isa = XCBuildConfiguration;
			buildSettings = {
				ASSETCATALOG_COMPILER_APPICON_NAME = AppIcon;
				ASSETCATALOG_COMPILER_GLOBAL_ACCENT_COLOR_NAME = AccentColor;
				CODE_SIGN_STYLE = Automatic;
				CURRENT_PROJECT_VERSION = 1;
				GENERATE_INFOPLIST_FILE = YES;
				INFOPLIST_FILE = "O-B-Dometer/Info.plist";
				INFOPLIST_KEY_LSApplicationCategoryType = "";
				INFOPLIST_KEY_NSLocationWhenInUseUsageDescription = "Required to check when crossing state lines.";
				INFOPLIST_KEY_UIApplicationSupportsIndirectInputEvents = YES;
				INFOPLIST_KEY_UILaunchStoryboardName = LaunchScreen;
				INFOPLIST_KEY_UIMainStoryboardFile = Main;
				INFOPLIST_KEY_UISupportedInterfaceOrientations_iPad = "UIInterfaceOrientationPortrait UIInterfaceOrientationPortraitUpsideDown UIInterfaceOrientationLandscapeLeft UIInterfaceOrientationLandscapeRight";
				INFOPLIST_KEY_UISupportedInterfaceOrientations_iPhone = "UIInterfaceOrientationPortrait UIInterfaceOrientationLandscapeLeft UIInterfaceOrientationLandscapeRight";
				LD_RUNPATH_SEARCH_PATHS = (
					"$(inherited)",
					"@executable_path/Frameworks",
				);
				MARKETING_VERSION = 1.0;
				PRODUCT_BUNDLE_IDENTIFIER = "com.joeyseph.O-B-Dometer";
				PRODUCT_NAME = "$(TARGET_NAME)";
				SWIFT_EMIT_LOC_STRINGS = YES;
				SWIFT_VERSION = 5.0;
				TARGETED_DEVICE_FAMILY = "1,2";
			};
			name = Release;
		};
/* End XCBuildConfiguration section */

/* Begin XCConfigurationList section */
		E45EB39929D8BD3E00BB829A /* Build configuration list for PBXProject "O-B-Dometer" */ = {
			isa = XCConfigurationList;
			buildConfigurations = (
				E45EB3B029D8BD3F00BB829A /* Debug */,
				E45EB3B129D8BD3F00BB829A /* Release */,
			);
			defaultConfigurationIsVisible = 0;
			defaultConfigurationName = Release;
		};
		E45EB3B229D8BD3F00BB829A /* Build configuration list for PBXNativeTarget "O-B-Dometer" */ = {
			isa = XCConfigurationList;
			buildConfigurations = (
				E45EB3B329D8BD3F00BB829A /* Debug */,
				E45EB3B429D8BD3F00BB829A /* Release */,
			);
			defaultConfigurationIsVisible = 0;
			defaultConfigurationName = Release;
		};
/* End XCConfigurationList section */
	};
	rootObject = E45EB39629D8BD3E00BB829A /* Project object */;
}
